// !$*UTF8*$!
{
	archiveVersion = 1;
	classes = {
	};
	objectVersion = 56;
	objects = {

/* Begin PBXBuildFile section */
		1B8BDA0B7F61F096E3541D61 /* Pods_OpenWeatherAppTests.framework in Frameworks */ = {isa = PBXBuildFile; fileRef = B903F0CA47552051572A305B /* Pods_OpenWeatherAppTests.framework */; };
		80ECF36281C658B649F19B22 /* Pods_OpenWeatherApp_OpenWeatherAppUITests.framework in Frameworks */ = {isa = PBXBuildFile; fileRef = 9F4B7E7CDD7B39711BC20A14 /* Pods_OpenWeatherApp_OpenWeatherAppUITests.framework */; };
		AB66EF84FA1964D9585F22D6 /* Pods_OpenWeatherApp.framework in Frameworks */ = {isa = PBXBuildFile; fileRef = 57800F5B97C95F4E95327AE0 /* Pods_OpenWeatherApp.framework */; };
		F90DFF1529C5C0F8003D4D3A /* String + Extension.swift in Sources */ = {isa = PBXBuildFile; fileRef = F90DFF1429C5C0F8003D4D3A /* String + Extension.swift */; };
		F90DFF1729C5C20D003D4D3A /* General + Extensions .swift in Sources */ = {isa = PBXBuildFile; fileRef = F90DFF1629C5C20D003D4D3A /* General + Extensions .swift */; };
		F9163CDF29C5C8B80056789F /* UIView + Extension.swift in Sources */ = {isa = PBXBuildFile; fileRef = F9163CDE29C5C8B80056789F /* UIView + Extension.swift */; };
		F9163CE729C65A540056789F /* ForecastScreenRouter.swift in Sources */ = {isa = PBXBuildFile; fileRef = F9163CE629C65A540056789F /* ForecastScreenRouter.swift */; };
		F9163CEA29C65A660056789F /* ForecastScreenEntity.swift in Sources */ = {isa = PBXBuildFile; fileRef = F9163CE929C65A660056789F /* ForecastScreenEntity.swift */; };
		F9163CED29C65A7C0056789F /* ForecastScreenInteractor.swift in Sources */ = {isa = PBXBuildFile; fileRef = F9163CEC29C65A7C0056789F /* ForecastScreenInteractor.swift */; };
		F9163CF029C65A8A0056789F /* ForecastScreenPresenter.swift in Sources */ = {isa = PBXBuildFile; fileRef = F9163CEF29C65A8A0056789F /* ForecastScreenPresenter.swift */; };
		F9163CF329C65AD30056789F /* ForecastScreenViewController.swift in Sources */ = {isa = PBXBuildFile; fileRef = F9163CF129C65AD30056789F /* ForecastScreenViewController.swift */; };
		F9163CF429C65AD30056789F /* ForecastScreenViewController.xib in Resources */ = {isa = PBXBuildFile; fileRef = F9163CF229C65AD30056789F /* ForecastScreenViewController.xib */; };
		F9163CF729C65FCC0056789F /* SearchTextField.swift in Sources */ = {isa = PBXBuildFile; fileRef = F9163CF629C65FCC0056789F /* SearchTextField.swift */; };
		F9163CF929C65FE40056789F /* SearchTextField.xib in Resources */ = {isa = PBXBuildFile; fileRef = F9163CF829C65FE40056789F /* SearchTextField.xib */; };
		F9163CFB29C66B990056789F /* ForecastScreenConfiguration.swift in Sources */ = {isa = PBXBuildFile; fileRef = F9163CFA29C66B990056789F /* ForecastScreenConfiguration.swift */; };
		F9163CFE29C673C90056789F /* SearchHistoryCollectionView.swift in Sources */ = {isa = PBXBuildFile; fileRef = F9163CFD29C673C90056789F /* SearchHistoryCollectionView.swift */; };
		F9163D0329C674030056789F /* SearchHistoryCollectionView.xib in Resources */ = {isa = PBXBuildFile; fileRef = F9163D0229C674030056789F /* SearchHistoryCollectionView.xib */; };
		F9163D0729C677410056789F /* SearchHistoryCell.swift in Sources */ = {isa = PBXBuildFile; fileRef = F9163D0529C677410056789F /* SearchHistoryCell.swift */; };
		F9163D0829C677410056789F /* SearchHistoryCell.xib in Resources */ = {isa = PBXBuildFile; fileRef = F9163D0629C677410056789F /* SearchHistoryCell.xib */; };
		F9163D0B29C677F70056789F /* CardView.swift in Sources */ = {isa = PBXBuildFile; fileRef = F9163D0A29C677F70056789F /* CardView.swift */; };
		F9163D0D29C679AD0056789F /* UICollectionView + Extensions.swift in Sources */ = {isa = PBXBuildFile; fileRef = F9163D0C29C679AD0056789F /* UICollectionView + Extensions.swift */; };
		F9163D0F29C67C460056789F /* SearchHeaderView.swift in Sources */ = {isa = PBXBuildFile; fileRef = F9163D0E29C67C460056789F /* SearchHeaderView.swift */; };
		F91B288D29C0C0E2009466E7 /* AppDelegate.swift in Sources */ = {isa = PBXBuildFile; fileRef = F91B288C29C0C0E2009466E7 /* AppDelegate.swift */; };
		F91B288F29C0C0E2009466E7 /* SceneDelegate.swift in Sources */ = {isa = PBXBuildFile; fileRef = F91B288E29C0C0E2009466E7 /* SceneDelegate.swift */; };
		F91B289429C0C0E2009466E7 /* Main.storyboard in Resources */ = {isa = PBXBuildFile; fileRef = F91B289229C0C0E2009466E7 /* Main.storyboard */; };
		F91B289729C0C0E2009466E7 /* OpenWeatherApp.xcdatamodeld in Sources */ = {isa = PBXBuildFile; fileRef = F91B289529C0C0E2009466E7 /* OpenWeatherApp.xcdatamodeld */; };
		F91B289929C0C0E3009466E7 /* Assets.xcassets in Resources */ = {isa = PBXBuildFile; fileRef = F91B289829C0C0E3009466E7 /* Assets.xcassets */; };
		F91B289C29C0C0E3009466E7 /* LaunchScreen.storyboard in Resources */ = {isa = PBXBuildFile; fileRef = F91B289A29C0C0E3009466E7 /* LaunchScreen.storyboard */; };
		F91B28B129C0C0E3009466E7 /* OpenWeatherAppUITests.swift in Sources */ = {isa = PBXBuildFile; fileRef = F91B28B029C0C0E3009466E7 /* OpenWeatherAppUITests.swift */; };
		F91B28B329C0C0E3009466E7 /* OpenWeatherAppUITestsLaunchTests.swift in Sources */ = {isa = PBXBuildFile; fileRef = F91B28B229C0C0E3009466E7 /* OpenWeatherAppUITestsLaunchTests.swift */; };
		F91B28C229C0EC2B009466E7 /* UIViewExtesnions.swift in Sources */ = {isa = PBXBuildFile; fileRef = F91B28C129C0EC2B009466E7 /* UIViewExtesnions.swift */; };
		F91B28C429C0F38A009466E7 /* DashboardViewController.swift in Sources */ = {isa = PBXBuildFile; fileRef = F91B28C329C0F38A009466E7 /* DashboardViewController.swift */; };
		F91B28C829C0F6A0009466E7 /* APIClient.swift in Sources */ = {isa = PBXBuildFile; fileRef = F91B28C729C0F6A0009466E7 /* APIClient.swift */; };
		F94BC36529C0FB4B0010B5B6 /* DashboardConfiguration.swift in Sources */ = {isa = PBXBuildFile; fileRef = F94BC36429C0FB4B0010B5B6 /* DashboardConfiguration.swift */; };
		F94BC36729C0FB5A0010B5B6 /* DashboardInteractor.swift in Sources */ = {isa = PBXBuildFile; fileRef = F94BC36629C0FB5A0010B5B6 /* DashboardInteractor.swift */; };
		F94BC36929C0FB610010B5B6 /* DashboardPresenter.swift in Sources */ = {isa = PBXBuildFile; fileRef = F94BC36829C0FB610010B5B6 /* DashboardPresenter.swift */; };
		F94BC36B29C0FB6B0010B5B6 /* DashboardRouter.swift in Sources */ = {isa = PBXBuildFile; fileRef = F94BC36A29C0FB6B0010B5B6 /* DashboardRouter.swift */; };
		F94BC36D29C0FCC20010B5B6 /* DashboardEntity.swift in Sources */ = {isa = PBXBuildFile; fileRef = F94BC36C29C0FCC20010B5B6 /* DashboardEntity.swift */; };
		F94BC37229C0FD7A0010B5B6 /* DashboardLoader.swift in Sources */ = {isa = PBXBuildFile; fileRef = F94BC37129C0FD7A0010B5B6 /* DashboardLoader.swift */; };
		F94BC37429C110610010B5B6 /* APIRouter.swift in Sources */ = {isa = PBXBuildFile; fileRef = F94BC37329C110610010B5B6 /* APIRouter.swift */; };
		F94BC37629C1153D0010B5B6 /* APILoader.swift in Sources */ = {isa = PBXBuildFile; fileRef = F94BC37529C1153D0010B5B6 /* APILoader.swift */; };
		F94BC37829C12B9E0010B5B6 /* DashboardInteractorTests.swift in Sources */ = {isa = PBXBuildFile; fileRef = F94BC37729C12B9E0010B5B6 /* DashboardInteractorTests.swift */; };
		F94BC37C29C12E570010B5B6 /* WeatherLoaderProtocolMock.swift in Sources */ = {isa = PBXBuildFile; fileRef = F94BC37B29C12E570010B5B6 /* WeatherLoaderProtocolMock.swift */; };
		F94BC37E29C12EBB0010B5B6 /* DashboardInteractorOutputMock.swift in Sources */ = {isa = PBXBuildFile; fileRef = F94BC37D29C12EBB0010B5B6 /* DashboardInteractorOutputMock.swift */; };
		F94BC38129C131410010B5B6 /* APIError.swift in Sources */ = {isa = PBXBuildFile; fileRef = F94BC37F29C12FD30010B5B6 /* APIError.swift */; };
		F94BC38729C1419F0010B5B6 /* LocationManager.swift in Sources */ = {isa = PBXBuildFile; fileRef = F94BC38629C1419F0010B5B6 /* LocationManager.swift */; };
		F9FD621F29C67C6E002AD4D3 /* SearchHeaderView.xib in Resources */ = {isa = PBXBuildFile; fileRef = F9FD621E29C67C6E002AD4D3 /* SearchHeaderView.xib */; };
/* End PBXBuildFile section */

/* Begin PBXContainerItemProxy section */
		F91B28A329C0C0E3009466E7 /* PBXContainerItemProxy */ = {
			isa = PBXContainerItemProxy;
			containerPortal = F91B288129C0C0E1009466E7 /* Project object */;
			proxyType = 1;
			remoteGlobalIDString = F91B288829C0C0E2009466E7;
			remoteInfo = OpenWeatherApp;
		};
		F91B28AD29C0C0E3009466E7 /* PBXContainerItemProxy */ = {
			isa = PBXContainerItemProxy;
			containerPortal = F91B288129C0C0E1009466E7 /* Project object */;
			proxyType = 1;
			remoteGlobalIDString = F91B288829C0C0E2009466E7;
			remoteInfo = OpenWeatherApp;
		};
/* End PBXContainerItemProxy section */

/* Begin PBXFileReference section */
		1E143F18346638DCBD073036 /* Pods-OpenWeatherAppTests.release.xcconfig */ = {isa = PBXFileReference; includeInIndex = 1; lastKnownFileType = text.xcconfig; name = "Pods-OpenWeatherAppTests.release.xcconfig"; path = "Target Support Files/Pods-OpenWeatherAppTests/Pods-OpenWeatherAppTests.release.xcconfig"; sourceTree = "<group>"; };
		4417F28087ACA4815B4582E3 /* Pods-OpenWeatherAppTests.debug.xcconfig */ = {isa = PBXFileReference; includeInIndex = 1; lastKnownFileType = text.xcconfig; name = "Pods-OpenWeatherAppTests.debug.xcconfig"; path = "Target Support Files/Pods-OpenWeatherAppTests/Pods-OpenWeatherAppTests.debug.xcconfig"; sourceTree = "<group>"; };
		57800F5B97C95F4E95327AE0 /* Pods_OpenWeatherApp.framework */ = {isa = PBXFileReference; explicitFileType = wrapper.framework; includeInIndex = 0; path = Pods_OpenWeatherApp.framework; sourceTree = BUILT_PRODUCTS_DIR; };
		70A5E58CA8ED2C66C486983F /* Pods-OpenWeatherApp-OpenWeatherAppUITests.release.xcconfig */ = {isa = PBXFileReference; includeInIndex = 1; lastKnownFileType = text.xcconfig; name = "Pods-OpenWeatherApp-OpenWeatherAppUITests.release.xcconfig"; path = "Target Support Files/Pods-OpenWeatherApp-OpenWeatherAppUITests/Pods-OpenWeatherApp-OpenWeatherAppUITests.release.xcconfig"; sourceTree = "<group>"; };
		7B603B48AD2B58BE365E3803 /* Pods-OpenWeatherApp.debug.xcconfig */ = {isa = PBXFileReference; includeInIndex = 1; lastKnownFileType = text.xcconfig; name = "Pods-OpenWeatherApp.debug.xcconfig"; path = "Target Support Files/Pods-OpenWeatherApp/Pods-OpenWeatherApp.debug.xcconfig"; sourceTree = "<group>"; };
		9F4B7E7CDD7B39711BC20A14 /* Pods_OpenWeatherApp_OpenWeatherAppUITests.framework */ = {isa = PBXFileReference; explicitFileType = wrapper.framework; includeInIndex = 0; path = Pods_OpenWeatherApp_OpenWeatherAppUITests.framework; sourceTree = BUILT_PRODUCTS_DIR; };
		B903F0CA47552051572A305B /* Pods_OpenWeatherAppTests.framework */ = {isa = PBXFileReference; explicitFileType = wrapper.framework; includeInIndex = 0; path = Pods_OpenWeatherAppTests.framework; sourceTree = BUILT_PRODUCTS_DIR; };
		CE4A0971F0FC1585D3994A19 /* Pods-OpenWeatherApp-OpenWeatherAppUITests.debug.xcconfig */ = {isa = PBXFileReference; includeInIndex = 1; lastKnownFileType = text.xcconfig; name = "Pods-OpenWeatherApp-OpenWeatherAppUITests.debug.xcconfig"; path = "Target Support Files/Pods-OpenWeatherApp-OpenWeatherAppUITests/Pods-OpenWeatherApp-OpenWeatherAppUITests.debug.xcconfig"; sourceTree = "<group>"; };
		F1F467E427347912CB7A537C /* Pods-OpenWeatherApp.release.xcconfig */ = {isa = PBXFileReference; includeInIndex = 1; lastKnownFileType = text.xcconfig; name = "Pods-OpenWeatherApp.release.xcconfig"; path = "Target Support Files/Pods-OpenWeatherApp/Pods-OpenWeatherApp.release.xcconfig"; sourceTree = "<group>"; };
		F90DFF1429C5C0F8003D4D3A /* String + Extension.swift */ = {isa = PBXFileReference; lastKnownFileType = sourcecode.swift; path = "String + Extension.swift"; sourceTree = "<group>"; };
		F90DFF1629C5C20D003D4D3A /* General + Extensions .swift */ = {isa = PBXFileReference; lastKnownFileType = sourcecode.swift; path = "General + Extensions .swift"; sourceTree = "<group>"; };
		F9163CDE29C5C8B80056789F /* UIView + Extension.swift */ = {isa = PBXFileReference; lastKnownFileType = sourcecode.swift; path = "UIView + Extension.swift"; sourceTree = "<group>"; };
		F9163CE629C65A540056789F /* ForecastScreenRouter.swift */ = {isa = PBXFileReference; lastKnownFileType = sourcecode.swift; path = ForecastScreenRouter.swift; sourceTree = "<group>"; };
		F9163CE929C65A660056789F /* ForecastScreenEntity.swift */ = {isa = PBXFileReference; lastKnownFileType = sourcecode.swift; path = ForecastScreenEntity.swift; sourceTree = "<group>"; };
		F9163CEC29C65A7C0056789F /* ForecastScreenInteractor.swift */ = {isa = PBXFileReference; lastKnownFileType = sourcecode.swift; path = ForecastScreenInteractor.swift; sourceTree = "<group>"; };
		F9163CEF29C65A8A0056789F /* ForecastScreenPresenter.swift */ = {isa = PBXFileReference; lastKnownFileType = sourcecode.swift; path = ForecastScreenPresenter.swift; sourceTree = "<group>"; };
		F9163CF129C65AD30056789F /* ForecastScreenViewController.swift */ = {isa = PBXFileReference; lastKnownFileType = sourcecode.swift; path = ForecastScreenViewController.swift; sourceTree = "<group>"; };
		F9163CF229C65AD30056789F /* ForecastScreenViewController.xib */ = {isa = PBXFileReference; lastKnownFileType = file.xib; path = ForecastScreenViewController.xib; sourceTree = "<group>"; };
		F9163CF629C65FCC0056789F /* SearchTextField.swift */ = {isa = PBXFileReference; lastKnownFileType = sourcecode.swift; path = SearchTextField.swift; sourceTree = "<group>"; };
		F9163CF829C65FE40056789F /* SearchTextField.xib */ = {isa = PBXFileReference; lastKnownFileType = file.xib; path = SearchTextField.xib; sourceTree = "<group>"; };
		F9163CFA29C66B990056789F /* ForecastScreenConfiguration.swift */ = {isa = PBXFileReference; lastKnownFileType = sourcecode.swift; path = ForecastScreenConfiguration.swift; sourceTree = "<group>"; };
		F9163CFD29C673C90056789F /* SearchHistoryCollectionView.swift */ = {isa = PBXFileReference; lastKnownFileType = sourcecode.swift; path = SearchHistoryCollectionView.swift; sourceTree = "<group>"; };
		F9163D0229C674030056789F /* SearchHistoryCollectionView.xib */ = {isa = PBXFileReference; lastKnownFileType = file.xib; path = SearchHistoryCollectionView.xib; sourceTree = "<group>"; };
		F9163D0529C677410056789F /* SearchHistoryCell.swift */ = {isa = PBXFileReference; lastKnownFileType = sourcecode.swift; path = SearchHistoryCell.swift; sourceTree = "<group>"; };
		F9163D0629C677410056789F /* SearchHistoryCell.xib */ = {isa = PBXFileReference; lastKnownFileType = file.xib; path = SearchHistoryCell.xib; sourceTree = "<group>"; };
		F9163D0A29C677F70056789F /* CardView.swift */ = {isa = PBXFileReference; lastKnownFileType = sourcecode.swift; path = CardView.swift; sourceTree = "<group>"; };
		F9163D0C29C679AD0056789F /* UICollectionView + Extensions.swift */ = {isa = PBXFileReference; lastKnownFileType = sourcecode.swift; path = "UICollectionView + Extensions.swift"; sourceTree = "<group>"; };
		F9163D0E29C67C460056789F /* SearchHeaderView.swift */ = {isa = PBXFileReference; lastKnownFileType = sourcecode.swift; path = SearchHeaderView.swift; sourceTree = "<group>"; };
		F91B288929C0C0E2009466E7 /* OpenWeatherApp.app */ = {isa = PBXFileReference; explicitFileType = wrapper.application; includeInIndex = 0; path = OpenWeatherApp.app; sourceTree = BUILT_PRODUCTS_DIR; };
		F91B288C29C0C0E2009466E7 /* AppDelegate.swift */ = {isa = PBXFileReference; lastKnownFileType = sourcecode.swift; path = AppDelegate.swift; sourceTree = "<group>"; };
		F91B288E29C0C0E2009466E7 /* SceneDelegate.swift */ = {isa = PBXFileReference; lastKnownFileType = sourcecode.swift; path = SceneDelegate.swift; sourceTree = "<group>"; };
		F91B289329C0C0E2009466E7 /* Base */ = {isa = PBXFileReference; lastKnownFileType = file.storyboard; name = Base; path = Base.lproj/Main.storyboard; sourceTree = "<group>"; };
		F91B289629C0C0E2009466E7 /* OpenWeatherApp.xcdatamodel */ = {isa = PBXFileReference; lastKnownFileType = wrapper.xcdatamodel; path = OpenWeatherApp.xcdatamodel; sourceTree = "<group>"; };
		F91B289829C0C0E3009466E7 /* Assets.xcassets */ = {isa = PBXFileReference; lastKnownFileType = folder.assetcatalog; path = Assets.xcassets; sourceTree = "<group>"; };
		F91B289B29C0C0E3009466E7 /* Base */ = {isa = PBXFileReference; lastKnownFileType = file.storyboard; name = Base; path = Base.lproj/LaunchScreen.storyboard; sourceTree = "<group>"; };
		F91B289D29C0C0E3009466E7 /* Info.plist */ = {isa = PBXFileReference; lastKnownFileType = text.plist.xml; path = Info.plist; sourceTree = "<group>"; };
		F91B28A229C0C0E3009466E7 /* OpenWeatherAppTests.xctest */ = {isa = PBXFileReference; explicitFileType = wrapper.cfbundle; includeInIndex = 0; path = OpenWeatherAppTests.xctest; sourceTree = BUILT_PRODUCTS_DIR; };
		F91B28AC29C0C0E3009466E7 /* OpenWeatherAppUITests.xctest */ = {isa = PBXFileReference; explicitFileType = wrapper.cfbundle; includeInIndex = 0; path = OpenWeatherAppUITests.xctest; sourceTree = BUILT_PRODUCTS_DIR; };
		F91B28B029C0C0E3009466E7 /* OpenWeatherAppUITests.swift */ = {isa = PBXFileReference; lastKnownFileType = sourcecode.swift; path = OpenWeatherAppUITests.swift; sourceTree = "<group>"; };
		F91B28B229C0C0E3009466E7 /* OpenWeatherAppUITestsLaunchTests.swift */ = {isa = PBXFileReference; lastKnownFileType = sourcecode.swift; path = OpenWeatherAppUITestsLaunchTests.swift; sourceTree = "<group>"; };
		F91B28C129C0EC2B009466E7 /* UIViewExtesnions.swift */ = {isa = PBXFileReference; lastKnownFileType = sourcecode.swift; path = UIViewExtesnions.swift; sourceTree = "<group>"; };
		F91B28C329C0F38A009466E7 /* DashboardViewController.swift */ = {isa = PBXFileReference; lastKnownFileType = sourcecode.swift; path = DashboardViewController.swift; sourceTree = "<group>"; };
		F91B28C729C0F6A0009466E7 /* APIClient.swift */ = {isa = PBXFileReference; lastKnownFileType = sourcecode.swift; path = APIClient.swift; sourceTree = "<group>"; };
		F94BC36429C0FB4B0010B5B6 /* DashboardConfiguration.swift */ = {isa = PBXFileReference; lastKnownFileType = sourcecode.swift; path = DashboardConfiguration.swift; sourceTree = "<group>"; };
		F94BC36629C0FB5A0010B5B6 /* DashboardInteractor.swift */ = {isa = PBXFileReference; lastKnownFileType = sourcecode.swift; path = DashboardInteractor.swift; sourceTree = "<group>"; };
		F94BC36829C0FB610010B5B6 /* DashboardPresenter.swift */ = {isa = PBXFileReference; lastKnownFileType = sourcecode.swift; path = DashboardPresenter.swift; sourceTree = "<group>"; };
		F94BC36A29C0FB6B0010B5B6 /* DashboardRouter.swift */ = {isa = PBXFileReference; lastKnownFileType = sourcecode.swift; path = DashboardRouter.swift; sourceTree = "<group>"; };
		F94BC36C29C0FCC20010B5B6 /* DashboardEntity.swift */ = {isa = PBXFileReference; lastKnownFileType = sourcecode.swift; path = DashboardEntity.swift; sourceTree = "<group>"; };
		F94BC37129C0FD7A0010B5B6 /* DashboardLoader.swift */ = {isa = PBXFileReference; lastKnownFileType = sourcecode.swift; path = DashboardLoader.swift; sourceTree = "<group>"; };
		F94BC37329C110610010B5B6 /* APIRouter.swift */ = {isa = PBXFileReference; lastKnownFileType = sourcecode.swift; path = APIRouter.swift; sourceTree = "<group>"; };
		F94BC37529C1153D0010B5B6 /* APILoader.swift */ = {isa = PBXFileReference; lastKnownFileType = sourcecode.swift; path = APILoader.swift; sourceTree = "<group>"; };
		F94BC37729C12B9E0010B5B6 /* DashboardInteractorTests.swift */ = {isa = PBXFileReference; lastKnownFileType = sourcecode.swift; path = DashboardInteractorTests.swift; sourceTree = "<group>"; };
		F94BC37B29C12E570010B5B6 /* WeatherLoaderProtocolMock.swift */ = {isa = PBXFileReference; lastKnownFileType = sourcecode.swift; path = WeatherLoaderProtocolMock.swift; sourceTree = "<group>"; };
		F94BC37D29C12EBB0010B5B6 /* DashboardInteractorOutputMock.swift */ = {isa = PBXFileReference; lastKnownFileType = sourcecode.swift; path = DashboardInteractorOutputMock.swift; sourceTree = "<group>"; };
		F94BC37F29C12FD30010B5B6 /* APIError.swift */ = {isa = PBXFileReference; lastKnownFileType = sourcecode.swift; path = APIError.swift; sourceTree = "<group>"; };
		F94BC38629C1419F0010B5B6 /* LocationManager.swift */ = {isa = PBXFileReference; lastKnownFileType = sourcecode.swift; path = LocationManager.swift; sourceTree = "<group>"; };
		F9FD621E29C67C6E002AD4D3 /* SearchHeaderView.xib */ = {isa = PBXFileReference; lastKnownFileType = file.xib; path = SearchHeaderView.xib; sourceTree = "<group>"; };
/* End PBXFileReference section */

/* Begin PBXFrameworksBuildPhase section */
		F91B288629C0C0E2009466E7 /* Frameworks */ = {
			isa = PBXFrameworksBuildPhase;
			buildActionMask = 2147483647;
			files = (
				AB66EF84FA1964D9585F22D6 /* Pods_OpenWeatherApp.framework in Frameworks */,
			);
			runOnlyForDeploymentPostprocessing = 0;
		};
		F91B289F29C0C0E3009466E7 /* Frameworks */ = {
			isa = PBXFrameworksBuildPhase;
			buildActionMask = 2147483647;
			files = (
				1B8BDA0B7F61F096E3541D61 /* Pods_OpenWeatherAppTests.framework in Frameworks */,
			);
			runOnlyForDeploymentPostprocessing = 0;
		};
		F91B28A929C0C0E3009466E7 /* Frameworks */ = {
			isa = PBXFrameworksBuildPhase;
			buildActionMask = 2147483647;
			files = (
				80ECF36281C658B649F19B22 /* Pods_OpenWeatherApp_OpenWeatherAppUITests.framework in Frameworks */,
			);
			runOnlyForDeploymentPostprocessing = 0;
		};
/* End PBXFrameworksBuildPhase section */

/* Begin PBXGroup section */
		13A1628485AE32E35E4DFE9C /* Frameworks */ = {
			isa = PBXGroup;
			children = (
				57800F5B97C95F4E95327AE0 /* Pods_OpenWeatherApp.framework */,
				9F4B7E7CDD7B39711BC20A14 /* Pods_OpenWeatherApp_OpenWeatherAppUITests.framework */,
				B903F0CA47552051572A305B /* Pods_OpenWeatherAppTests.framework */,
			);
			name = Frameworks;
			sourceTree = "<group>";
		};
		D0C53238F81724A0F2B25137 /* Pods */ = {
			isa = PBXGroup;
			children = (
				7B603B48AD2B58BE365E3803 /* Pods-OpenWeatherApp.debug.xcconfig */,
				F1F467E427347912CB7A537C /* Pods-OpenWeatherApp.release.xcconfig */,
				CE4A0971F0FC1585D3994A19 /* Pods-OpenWeatherApp-OpenWeatherAppUITests.debug.xcconfig */,
				70A5E58CA8ED2C66C486983F /* Pods-OpenWeatherApp-OpenWeatherAppUITests.release.xcconfig */,
				4417F28087ACA4815B4582E3 /* Pods-OpenWeatherAppTests.debug.xcconfig */,
				1E143F18346638DCBD073036 /* Pods-OpenWeatherAppTests.release.xcconfig */,
			);
			path = Pods;
			sourceTree = "<group>";
		};
		F9163CDD29C5C8A10056789F /* Loader */ = {
			isa = PBXGroup;
			children = (
				F9163CDE29C5C8B80056789F /* UIView + Extension.swift */,
			);
			path = Loader;
			sourceTree = "<group>";
		};
		F9163CE029C65A0D0056789F /* ForecastScene */ = {
			isa = PBXGroup;
			children = (
				F9163CE129C65A310056789F /* View */,
				F9163CEE29C65A810056789F /* Presenter */,
				F9163CEB29C65A6F0056789F /* Interactor */,
				F9163CE829C65A590056789F /* Entity */,
				F9163CE529C65A4B0056789F /* Router */,
				F9163CE429C65A430056789F /* Loader */,
			);
			path = ForecastScene;
			sourceTree = "<group>";
		};
		F9163CE129C65A310056789F /* View */ = {
			isa = PBXGroup;
			children = (
				F9163CF129C65AD30056789F /* ForecastScreenViewController.swift */,
				F9163CF229C65AD30056789F /* ForecastScreenViewController.xib */,
			);
			path = View;
			sourceTree = "<group>";
		};
		F9163CE429C65A430056789F /* Loader */ = {
			isa = PBXGroup;
			children = (
			);
			path = Loader;
			sourceTree = "<group>";
		};
		F9163CE529C65A4B0056789F /* Router */ = {
			isa = PBXGroup;
			children = (
				F9163CE629C65A540056789F /* ForecastScreenRouter.swift */,
			);
			path = Router;
			sourceTree = "<group>";
		};
		F9163CE829C65A590056789F /* Entity */ = {
			isa = PBXGroup;
			children = (
				F9163CE929C65A660056789F /* ForecastScreenEntity.swift */,
			);
			path = Entity;
			sourceTree = "<group>";
		};
		F9163CEB29C65A6F0056789F /* Interactor */ = {
			isa = PBXGroup;
			children = (
				F9163CEC29C65A7C0056789F /* ForecastScreenInteractor.swift */,
			);
			path = Interactor;
			sourceTree = "<group>";
		};
		F9163CEE29C65A810056789F /* Presenter */ = {
			isa = PBXGroup;
			children = (
				F9163CEF29C65A8A0056789F /* ForecastScreenPresenter.swift */,
			);
			path = Presenter;
			sourceTree = "<group>";
		};
		F9163CF529C65FC20056789F /* Reusables */ = {
			isa = PBXGroup;
			children = (
				F9FD622029C67E43002AD4D3 /* Search */,
			);
			path = Reusables;
			sourceTree = "<group>";
		};
		F9163CFC29C673AE0056789F /* SearchTextField */ = {
			isa = PBXGroup;
			children = (
				F9163CF629C65FCC0056789F /* SearchTextField.swift */,
				F9163CF829C65FE40056789F /* SearchTextField.xib */,
			);
			path = SearchTextField;
			sourceTree = "<group>";
		};
		F9163D0129C673D50056789F /* SearchHistoryCollectionView */ = {
			isa = PBXGroup;
			children = (
				F9163CFD29C673C90056789F /* SearchHistoryCollectionView.swift */,
				F9163D0229C674030056789F /* SearchHistoryCollectionView.xib */,
				F9163D0429C6772E0056789F /* Cell */,
			);
			path = SearchHistoryCollectionView;
			sourceTree = "<group>";
		};
		F9163D0429C6772E0056789F /* Cell */ = {
			isa = PBXGroup;
			children = (
				F9163D0529C677410056789F /* SearchHistoryCell.swift */,
				F9163D0629C677410056789F /* SearchHistoryCell.xib */,
			);
			path = Cell;
			sourceTree = "<group>";
		};
		F9163D0929C677E10056789F /* IBDesignables */ = {
			isa = PBXGroup;
			children = (
				F9163D0A29C677F70056789F /* CardView.swift */,
			);
			path = IBDesignables;
			sourceTree = "<group>";
		};
		F9163D1229C67C4F0056789F /* SearchHeaderView */ = {
			isa = PBXGroup;
			children = (
				F9163D0E29C67C460056789F /* SearchHeaderView.swift */,
				F9FD621E29C67C6E002AD4D3 /* SearchHeaderView.xib */,
			);
			path = SearchHeaderView;
			sourceTree = "<group>";
		};
		F91B288029C0C0E1009466E7 = {
			isa = PBXGroup;
			children = (
				F91B288B29C0C0E2009466E7 /* OpenWeatherApp */,
				F91B28A529C0C0E3009466E7 /* OpenWeatherAppTests */,
				F91B28AF29C0C0E3009466E7 /* OpenWeatherAppUITests */,
				F91B288A29C0C0E2009466E7 /* Products */,
				D0C53238F81724A0F2B25137 /* Pods */,
				13A1628485AE32E35E4DFE9C /* Frameworks */,
			);
			sourceTree = "<group>";
		};
		F91B288A29C0C0E2009466E7 /* Products */ = {
			isa = PBXGroup;
			children = (
				F91B288929C0C0E2009466E7 /* OpenWeatherApp.app */,
				F91B28A229C0C0E3009466E7 /* OpenWeatherAppTests.xctest */,
				F91B28AC29C0C0E3009466E7 /* OpenWeatherAppUITests.xctest */,
			);
			name = Products;
			sourceTree = "<group>";
		};
		F91B288B29C0C0E2009466E7 /* OpenWeatherApp */ = {
			isa = PBXGroup;
			children = (
				F91B288C29C0C0E2009466E7 /* AppDelegate.swift */,
				F91B288E29C0C0E2009466E7 /* SceneDelegate.swift */,
				F9163CE029C65A0D0056789F /* ForecastScene */,
				F9163CFA29C66B990056789F /* ForecastScreenConfiguration.swift */,
				F91B28C529C0F4ED009466E7 /* DashboardScene */,
				F91B28C629C0F4F7009466E7 /* NetworkLayer */,
				F94BC38829C145DF0010B5B6 /* LocationHelpers */,
				F91B289229C0C0E2009466E7 /* Main.storyboard */,
				F91B289829C0C0E3009466E7 /* Assets.xcassets */,
				F91B289A29C0C0E3009466E7 /* LaunchScreen.storyboard */,
				F91B289D29C0C0E3009466E7 /* Info.plist */,
				F9163CF529C65FC20056789F /* Reusables */,
				F91B28BF29C0EC0C009466E7 /* Helpers */,
				F91B289529C0C0E2009466E7 /* OpenWeatherApp.xcdatamodeld */,
			);
			path = OpenWeatherApp;
			sourceTree = "<group>";
		};
		F91B28A529C0C0E3009466E7 /* OpenWeatherAppTests */ = {
			isa = PBXGroup;
			children = (
				F94BC37929C12BA20010B5B6 /* DashboardTests */,
				F94BC38229C131530010B5B6 /* Helpers */,
			);
			path = OpenWeatherAppTests;
			sourceTree = "<group>";
		};
		F91B28AF29C0C0E3009466E7 /* OpenWeatherAppUITests */ = {
			isa = PBXGroup;
			children = (
				F91B28B029C0C0E3009466E7 /* OpenWeatherAppUITests.swift */,
				F91B28B229C0C0E3009466E7 /* OpenWeatherAppUITestsLaunchTests.swift */,
			);
			path = OpenWeatherAppUITests;
			sourceTree = "<group>";
		};
		F91B28BF29C0EC0C009466E7 /* Helpers */ = {
			isa = PBXGroup;
			children = (
				F9163D0929C677E10056789F /* IBDesignables */,
				F9163CDD29C5C8A10056789F /* Loader */,
				F91B28C029C0EC1C009466E7 /* Extensions */,
				F90DFF1429C5C0F8003D4D3A /* String + Extension.swift */,
			);
			path = Helpers;
			sourceTree = "<group>";
		};
		F91B28C029C0EC1C009466E7 /* Extensions */ = {
			isa = PBXGroup;
			children = (
				F91B28C129C0EC2B009466E7 /* UIViewExtesnions.swift */,
				F90DFF1629C5C20D003D4D3A /* General + Extensions .swift */,
				F9163D0C29C679AD0056789F /* UICollectionView + Extensions.swift */,
			);
			path = Extensions;
			sourceTree = "<group>";
		};
		F91B28C529C0F4ED009466E7 /* DashboardScene */ = {
			isa = PBXGroup;
			children = (
				F94BC35F29C0FAC50010B5B6 /* View */,
				F94BC36129C0FAFF0010B5B6 /* Presenter */,
				F94BC36029C0FACB0010B5B6 /* Interactor */,
				F94BC36229C0FB0D0010B5B6 /* Entity */,
				F94BC36329C0FB220010B5B6 /* Router */,
				F94BC37029C0FD6B0010B5B6 /* Loader */,
				F94BC36429C0FB4B0010B5B6 /* DashboardConfiguration.swift */,
			);
			path = DashboardScene;
			sourceTree = "<group>";
		};
		F91B28C629C0F4F7009466E7 /* NetworkLayer */ = {
			isa = PBXGroup;
			children = (
				F91B28C729C0F6A0009466E7 /* APIClient.swift */,
				F94BC37329C110610010B5B6 /* APIRouter.swift */,
				F94BC37529C1153D0010B5B6 /* APILoader.swift */,
			);
			path = NetworkLayer;
			sourceTree = "<group>";
		};
		F94BC35F29C0FAC50010B5B6 /* View */ = {
			isa = PBXGroup;
			children = (
				F91B28C329C0F38A009466E7 /* DashboardViewController.swift */,
			);
			path = View;
			sourceTree = "<group>";
		};
		F94BC36029C0FACB0010B5B6 /* Interactor */ = {
			isa = PBXGroup;
			children = (
				F94BC36629C0FB5A0010B5B6 /* DashboardInteractor.swift */,
			);
			path = Interactor;
			sourceTree = "<group>";
		};
		F94BC36129C0FAFF0010B5B6 /* Presenter */ = {
			isa = PBXGroup;
			children = (
				F94BC36829C0FB610010B5B6 /* DashboardPresenter.swift */,
			);
			path = Presenter;
			sourceTree = "<group>";
		};
		F94BC36229C0FB0D0010B5B6 /* Entity */ = {
			isa = PBXGroup;
			children = (
				F94BC36C29C0FCC20010B5B6 /* DashboardEntity.swift */,
			);
			path = Entity;
			sourceTree = "<group>";
		};
		F94BC36329C0FB220010B5B6 /* Router */ = {
			isa = PBXGroup;
			children = (
				F94BC36A29C0FB6B0010B5B6 /* DashboardRouter.swift */,
			);
			path = Router;
			sourceTree = "<group>";
		};
		F94BC37029C0FD6B0010B5B6 /* Loader */ = {
			isa = PBXGroup;
			children = (
				F94BC37129C0FD7A0010B5B6 /* DashboardLoader.swift */,
			);
			path = Loader;
			sourceTree = "<group>";
		};
		F94BC37929C12BA20010B5B6 /* DashboardTests */ = {
			isa = PBXGroup;
			children = (
				F94BC37729C12B9E0010B5B6 /* DashboardInteractorTests.swift */,
				F94BC37A29C12E420010B5B6 /* Mocks */,
			);
			path = DashboardTests;
			sourceTree = "<group>";
		};
		F94BC37A29C12E420010B5B6 /* Mocks */ = {
			isa = PBXGroup;
			children = (
				F94BC37B29C12E570010B5B6 /* WeatherLoaderProtocolMock.swift */,
				F94BC37D29C12EBB0010B5B6 /* DashboardInteractorOutputMock.swift */,
			);
			path = Mocks;
			sourceTree = "<group>";
		};
		F94BC38229C131530010B5B6 /* Helpers */ = {
			isa = PBXGroup;
			children = (
				F94BC37F29C12FD30010B5B6 /* APIError.swift */,
			);
			path = Helpers;
			sourceTree = "<group>";
		};
		F94BC38829C145DF0010B5B6 /* LocationHelpers */ = {
			isa = PBXGroup;
			children = (
				F94BC38629C1419F0010B5B6 /* LocationManager.swift */,
			);
			path = LocationHelpers;
			sourceTree = "<group>";
		};
		F9FD622029C67E43002AD4D3 /* Search */ = {
			isa = PBXGroup;
			children = (
				F9163D1229C67C4F0056789F /* SearchHeaderView */,
				F9163CFC29C673AE0056789F /* SearchTextField */,
				F9163D0129C673D50056789F /* SearchHistoryCollectionView */,
			);
			path = Search;
			sourceTree = "<group>";
		};
/* End PBXGroup section */

/* Begin PBXNativeTarget section */
		F91B288829C0C0E2009466E7 /* OpenWeatherApp */ = {
			isa = PBXNativeTarget;
			buildConfigurationList = F91B28B629C0C0E3009466E7 /* Build configuration list for PBXNativeTarget "OpenWeatherApp" */;
			buildPhases = (
				E31A068FD50C45662420584F /* [CP] Check Pods Manifest.lock */,
				F91B288529C0C0E2009466E7 /* Sources */,
				F91B288629C0C0E2009466E7 /* Frameworks */,
				F91B288729C0C0E2009466E7 /* Resources */,
				C371F166437F51FB3875F140 /* [CP] Embed Pods Frameworks */,
			);
			buildRules = (
			);
			dependencies = (
			);
			name = OpenWeatherApp;
			productName = OpenWeatherApp;
			productReference = F91B288929C0C0E2009466E7 /* OpenWeatherApp.app */;
			productType = "com.apple.product-type.application";
		};
		F91B28A129C0C0E3009466E7 /* OpenWeatherAppTests */ = {
			isa = PBXNativeTarget;
			buildConfigurationList = F91B28B929C0C0E3009466E7 /* Build configuration list for PBXNativeTarget "OpenWeatherAppTests" */;
			buildPhases = (
				E7A77BF90D371673DA69AAD4 /* [CP] Check Pods Manifest.lock */,
				F91B289E29C0C0E3009466E7 /* Sources */,
				F91B289F29C0C0E3009466E7 /* Frameworks */,
				F91B28A029C0C0E3009466E7 /* Resources */,
			);
			buildRules = (
			);
			dependencies = (
				F91B28A429C0C0E3009466E7 /* PBXTargetDependency */,
			);
			name = OpenWeatherAppTests;
			productName = OpenWeatherAppTests;
			productReference = F91B28A229C0C0E3009466E7 /* OpenWeatherAppTests.xctest */;
			productType = "com.apple.product-type.bundle.unit-test";
		};
		F91B28AB29C0C0E3009466E7 /* OpenWeatherAppUITests */ = {
			isa = PBXNativeTarget;
			buildConfigurationList = F91B28BC29C0C0E3009466E7 /* Build configuration list for PBXNativeTarget "OpenWeatherAppUITests" */;
			buildPhases = (
				25032641F67497F76968BAFD /* [CP] Check Pods Manifest.lock */,
				F91B28A829C0C0E3009466E7 /* Sources */,
				F91B28A929C0C0E3009466E7 /* Frameworks */,
				F91B28AA29C0C0E3009466E7 /* Resources */,
				DBADBEBDF54E5F70EC9EC2D6 /* [CP] Embed Pods Frameworks */,
			);
			buildRules = (
			);
			dependencies = (
				F91B28AE29C0C0E3009466E7 /* PBXTargetDependency */,
			);
			name = OpenWeatherAppUITests;
			productName = OpenWeatherAppUITests;
			productReference = F91B28AC29C0C0E3009466E7 /* OpenWeatherAppUITests.xctest */;
			productType = "com.apple.product-type.bundle.ui-testing";
		};
/* End PBXNativeTarget section */

/* Begin PBXProject section */
		F91B288129C0C0E1009466E7 /* Project object */ = {
			isa = PBXProject;
			attributes = {
				BuildIndependentTargetsInParallel = 1;
				LastSwiftUpdateCheck = 1420;
				LastUpgradeCheck = 1420;
				TargetAttributes = {
					F91B288829C0C0E2009466E7 = {
						CreatedOnToolsVersion = 14.2;
					};
					F91B28A129C0C0E3009466E7 = {
						CreatedOnToolsVersion = 14.2;
						TestTargetID = F91B288829C0C0E2009466E7;
					};
					F91B28AB29C0C0E3009466E7 = {
						CreatedOnToolsVersion = 14.2;
						TestTargetID = F91B288829C0C0E2009466E7;
					};
				};
			};
			buildConfigurationList = F91B288429C0C0E1009466E7 /* Build configuration list for PBXProject "OpenWeatherApp" */;
			compatibilityVersion = "Xcode 14.0";
			developmentRegion = en;
			hasScannedForEncodings = 0;
			knownRegions = (
				en,
				Base,
			);
			mainGroup = F91B288029C0C0E1009466E7;
			productRefGroup = F91B288A29C0C0E2009466E7 /* Products */;
			projectDirPath = "";
			projectRoot = "";
			targets = (
				F91B288829C0C0E2009466E7 /* OpenWeatherApp */,
				F91B28A129C0C0E3009466E7 /* OpenWeatherAppTests */,
				F91B28AB29C0C0E3009466E7 /* OpenWeatherAppUITests */,
			);
		};
/* End PBXProject section */

/* Begin PBXResourcesBuildPhase section */
		F91B288729C0C0E2009466E7 /* Resources */ = {
			isa = PBXResourcesBuildPhase;
			buildActionMask = 2147483647;
			files = (
				F9163D0829C677410056789F /* SearchHistoryCell.xib in Resources */,
				F91B289C29C0C0E3009466E7 /* LaunchScreen.storyboard in Resources */,
				F9163CF929C65FE40056789F /* SearchTextField.xib in Resources */,
				F91B289929C0C0E3009466E7 /* Assets.xcassets in Resources */,
				F9163D0329C674030056789F /* SearchHistoryCollectionView.xib in Resources */,
				F9163CF429C65AD30056789F /* ForecastScreenViewController.xib in Resources */,
				F91B289429C0C0E2009466E7 /* Main.storyboard in Resources */,
				F9FD621F29C67C6E002AD4D3 /* SearchHeaderView.xib in Resources */,
			);
			runOnlyForDeploymentPostprocessing = 0;
		};
		F91B28A029C0C0E3009466E7 /* Resources */ = {
			isa = PBXResourcesBuildPhase;
			buildActionMask = 2147483647;
			files = (
			);
			runOnlyForDeploymentPostprocessing = 0;
		};
		F91B28AA29C0C0E3009466E7 /* Resources */ = {
			isa = PBXResourcesBuildPhase;
			buildActionMask = 2147483647;
			files = (
			);
			runOnlyForDeploymentPostprocessing = 0;
		};
/* End PBXResourcesBuildPhase section */

/* Begin PBXShellScriptBuildPhase section */
		25032641F67497F76968BAFD /* [CP] Check Pods Manifest.lock */ = {
			isa = PBXShellScriptBuildPhase;
			buildActionMask = 2147483647;
			files = (
			);
			inputFileListPaths = (
			);
			inputPaths = (
				"${PODS_PODFILE_DIR_PATH}/Podfile.lock",
				"${PODS_ROOT}/Manifest.lock",
			);
			name = "[CP] Check Pods Manifest.lock";
			outputFileListPaths = (
			);
			outputPaths = (
				"$(DERIVED_FILE_DIR)/Pods-OpenWeatherApp-OpenWeatherAppUITests-checkManifestLockResult.txt",
			);
			runOnlyForDeploymentPostprocessing = 0;
			shellPath = /bin/sh;
			shellScript = "diff \"${PODS_PODFILE_DIR_PATH}/Podfile.lock\" \"${PODS_ROOT}/Manifest.lock\" > /dev/null\nif [ $? != 0 ] ; then\n    # print error to STDERR\n    echo \"error: The sandbox is not in sync with the Podfile.lock. Run 'pod install' or update your CocoaPods installation.\" >&2\n    exit 1\nfi\n# This output is used by Xcode 'outputs' to avoid re-running this script phase.\necho \"SUCCESS\" > \"${SCRIPT_OUTPUT_FILE_0}\"\n";
			showEnvVarsInLog = 0;
		};
		C371F166437F51FB3875F140 /* [CP] Embed Pods Frameworks */ = {
			isa = PBXShellScriptBuildPhase;
			buildActionMask = 2147483647;
			files = (
			);
			inputFileListPaths = (
				"${PODS_ROOT}/Target Support Files/Pods-OpenWeatherApp/Pods-OpenWeatherApp-frameworks-${CONFIGURATION}-input-files.xcfilelist",
			);
			name = "[CP] Embed Pods Frameworks";
			outputFileListPaths = (
				"${PODS_ROOT}/Target Support Files/Pods-OpenWeatherApp/Pods-OpenWeatherApp-frameworks-${CONFIGURATION}-output-files.xcfilelist",
			);
			runOnlyForDeploymentPostprocessing = 0;
			shellPath = /bin/sh;
			shellScript = "\"${PODS_ROOT}/Target Support Files/Pods-OpenWeatherApp/Pods-OpenWeatherApp-frameworks.sh\"\n";
			showEnvVarsInLog = 0;
		};
		DBADBEBDF54E5F70EC9EC2D6 /* [CP] Embed Pods Frameworks */ = {
			isa = PBXShellScriptBuildPhase;
			buildActionMask = 2147483647;
			files = (
			);
			inputFileListPaths = (
				"${PODS_ROOT}/Target Support Files/Pods-OpenWeatherApp-OpenWeatherAppUITests/Pods-OpenWeatherApp-OpenWeatherAppUITests-frameworks-${CONFIGURATION}-input-files.xcfilelist",
			);
			name = "[CP] Embed Pods Frameworks";
			outputFileListPaths = (
				"${PODS_ROOT}/Target Support Files/Pods-OpenWeatherApp-OpenWeatherAppUITests/Pods-OpenWeatherApp-OpenWeatherAppUITests-frameworks-${CONFIGURATION}-output-files.xcfilelist",
			);
			runOnlyForDeploymentPostprocessing = 0;
			shellPath = /bin/sh;
			shellScript = "\"${PODS_ROOT}/Target Support Files/Pods-OpenWeatherApp-OpenWeatherAppUITests/Pods-OpenWeatherApp-OpenWeatherAppUITests-frameworks.sh\"\n";
			showEnvVarsInLog = 0;
		};
		E31A068FD50C45662420584F /* [CP] Check Pods Manifest.lock */ = {
			isa = PBXShellScriptBuildPhase;
			buildActionMask = 2147483647;
			files = (
			);
			inputFileListPaths = (
			);
			inputPaths = (
				"${PODS_PODFILE_DIR_PATH}/Podfile.lock",
				"${PODS_ROOT}/Manifest.lock",
			);
			name = "[CP] Check Pods Manifest.lock";
			outputFileListPaths = (
			);
			outputPaths = (
				"$(DERIVED_FILE_DIR)/Pods-OpenWeatherApp-checkManifestLockResult.txt",
			);
			runOnlyForDeploymentPostprocessing = 0;
			shellPath = /bin/sh;
			shellScript = "diff \"${PODS_PODFILE_DIR_PATH}/Podfile.lock\" \"${PODS_ROOT}/Manifest.lock\" > /dev/null\nif [ $? != 0 ] ; then\n    # print error to STDERR\n    echo \"error: The sandbox is not in sync with the Podfile.lock. Run 'pod install' or update your CocoaPods installation.\" >&2\n    exit 1\nfi\n# This output is used by Xcode 'outputs' to avoid re-running this script phase.\necho \"SUCCESS\" > \"${SCRIPT_OUTPUT_FILE_0}\"\n";
			showEnvVarsInLog = 0;
		};
		E7A77BF90D371673DA69AAD4 /* [CP] Check Pods Manifest.lock */ = {
			isa = PBXShellScriptBuildPhase;
			buildActionMask = 2147483647;
			files = (
			);
			inputFileListPaths = (
			);
			inputPaths = (
				"${PODS_PODFILE_DIR_PATH}/Podfile.lock",
				"${PODS_ROOT}/Manifest.lock",
			);
			name = "[CP] Check Pods Manifest.lock";
			outputFileListPaths = (
			);
			outputPaths = (
				"$(DERIVED_FILE_DIR)/Pods-OpenWeatherAppTests-checkManifestLockResult.txt",
			);
			runOnlyForDeploymentPostprocessing = 0;
			shellPath = /bin/sh;
			shellScript = "diff \"${PODS_PODFILE_DIR_PATH}/Podfile.lock\" \"${PODS_ROOT}/Manifest.lock\" > /dev/null\nif [ $? != 0 ] ; then\n    # print error to STDERR\n    echo \"error: The sandbox is not in sync with the Podfile.lock. Run 'pod install' or update your CocoaPods installation.\" >&2\n    exit 1\nfi\n# This output is used by Xcode 'outputs' to avoid re-running this script phase.\necho \"SUCCESS\" > \"${SCRIPT_OUTPUT_FILE_0}\"\n";
			showEnvVarsInLog = 0;
		};
/* End PBXShellScriptBuildPhase section */

/* Begin PBXSourcesBuildPhase section */
		F91B288529C0C0E2009466E7 /* Sources */ = {
			isa = PBXSourcesBuildPhase;
			buildActionMask = 2147483647;
			files = (
				F91B28C429C0F38A009466E7 /* DashboardViewController.swift in Sources */,
				F91B288D29C0C0E2009466E7 /* AppDelegate.swift in Sources */,
				F9163CFB29C66B990056789F /* ForecastScreenConfiguration.swift in Sources */,
				F9163CF029C65A8A0056789F /* ForecastScreenPresenter.swift in Sources */,
				F9163CF329C65AD30056789F /* ForecastScreenViewController.swift in Sources */,
				F9163D0729C677410056789F /* SearchHistoryCell.swift in Sources */,
				F9163CF729C65FCC0056789F /* SearchTextField.swift in Sources */,
				F9163CDF29C5C8B80056789F /* UIView + Extension.swift in Sources */,
				F90DFF1529C5C0F8003D4D3A /* String + Extension.swift in Sources */,
				F94BC38729C1419F0010B5B6 /* LocationManager.swift in Sources */,
				F90DFF1729C5C20D003D4D3A /* General + Extensions .swift in Sources */,
				F91B28C229C0EC2B009466E7 /* UIViewExtesnions.swift in Sources */,
				F9163D0D29C679AD0056789F /* UICollectionView + Extensions.swift in Sources */,
				F91B289729C0C0E2009466E7 /* OpenWeatherApp.xcdatamodeld in Sources */,
				F94BC36D29C0FCC20010B5B6 /* DashboardEntity.swift in Sources */,
				F9163D0B29C677F70056789F /* CardView.swift in Sources */,
				F91B288F29C0C0E2009466E7 /* SceneDelegate.swift in Sources */,
				F9163D0F29C67C460056789F /* SearchHeaderView.swift in Sources */,
				F94BC36929C0FB610010B5B6 /* DashboardPresenter.swift in Sources */,
				F94BC37229C0FD7A0010B5B6 /* DashboardLoader.swift in Sources */,
				F9163CED29C65A7C0056789F /* ForecastScreenInteractor.swift in Sources */,
				F9163CE729C65A540056789F /* ForecastScreenRouter.swift in Sources */,
				F94BC37429C110610010B5B6 /* APIRouter.swift in Sources */,
				F94BC37629C1153D0010B5B6 /* APILoader.swift in Sources */,
				F94BC36529C0FB4B0010B5B6 /* DashboardConfiguration.swift in Sources */,
				F94BC36B29C0FB6B0010B5B6 /* DashboardRouter.swift in Sources */,
				F91B28C829C0F6A0009466E7 /* APIClient.swift in Sources */,
				F9163CEA29C65A660056789F /* ForecastScreenEntity.swift in Sources */,
				F94BC36729C0FB5A0010B5B6 /* DashboardInteractor.swift in Sources */,
				F9163CFE29C673C90056789F /* SearchHistoryCollectionView.swift in Sources */,
			);
			runOnlyForDeploymentPostprocessing = 0;
		};
		F91B289E29C0C0E3009466E7 /* Sources */ = {
			isa = PBXSourcesBuildPhase;
			buildActionMask = 2147483647;
			files = (
				F94BC37E29C12EBB0010B5B6 /* DashboardInteractorOutputMock.swift in Sources */,
				F94BC37C29C12E570010B5B6 /* WeatherLoaderProtocolMock.swift in Sources */,
				F94BC38129C131410010B5B6 /* APIError.swift in Sources */,
				F94BC37829C12B9E0010B5B6 /* DashboardInteractorTests.swift in Sources */,
			);
			runOnlyForDeploymentPostprocessing = 0;
		};
		F91B28A829C0C0E3009466E7 /* Sources */ = {
			isa = PBXSourcesBuildPhase;
			buildActionMask = 2147483647;
			files = (
				F91B28B129C0C0E3009466E7 /* OpenWeatherAppUITests.swift in Sources */,
				F91B28B329C0C0E3009466E7 /* OpenWeatherAppUITestsLaunchTests.swift in Sources */,
			);
			runOnlyForDeploymentPostprocessing = 0;
		};
/* End PBXSourcesBuildPhase section */

/* Begin PBXTargetDependency section */
		F91B28A429C0C0E3009466E7 /* PBXTargetDependency */ = {
			isa = PBXTargetDependency;
			target = F91B288829C0C0E2009466E7 /* OpenWeatherApp */;
			targetProxy = F91B28A329C0C0E3009466E7 /* PBXContainerItemProxy */;
		};
		F91B28AE29C0C0E3009466E7 /* PBXTargetDependency */ = {
			isa = PBXTargetDependency;
			target = F91B288829C0C0E2009466E7 /* OpenWeatherApp */;
			targetProxy = F91B28AD29C0C0E3009466E7 /* PBXContainerItemProxy */;
		};
/* End PBXTargetDependency section */

/* Begin PBXVariantGroup section */
		F91B289229C0C0E2009466E7 /* Main.storyboard */ = {
			isa = PBXVariantGroup;
			children = (
				F91B289329C0C0E2009466E7 /* Base */,
			);
			name = Main.storyboard;
			sourceTree = "<group>";
		};
		F91B289A29C0C0E3009466E7 /* LaunchScreen.storyboard */ = {
			isa = PBXVariantGroup;
			children = (
				F91B289B29C0C0E3009466E7 /* Base */,
			);
			name = LaunchScreen.storyboard;
			sourceTree = "<group>";
		};
/* End PBXVariantGroup section */

/* Begin XCBuildConfiguration section */
		F91B28B429C0C0E3009466E7 /* Debug */ = {
			isa = XCBuildConfiguration;
			buildSettings = {
				ALWAYS_SEARCH_USER_PATHS = NO;
				CLANG_ANALYZER_NONNULL = YES;
				CLANG_ANALYZER_NUMBER_OBJECT_CONVERSION = YES_AGGRESSIVE;
				CLANG_CXX_LANGUAGE_STANDARD = "gnu++20";
				CLANG_ENABLE_MODULES = YES;
				CLANG_ENABLE_OBJC_ARC = YES;
				CLANG_ENABLE_OBJC_WEAK = YES;
				CLANG_WARN_BLOCK_CAPTURE_AUTORELEASING = YES;
				CLANG_WARN_BOOL_CONVERSION = YES;
				CLANG_WARN_COMMA = YES;
				CLANG_WARN_CONSTANT_CONVERSION = YES;
				CLANG_WARN_DEPRECATED_OBJC_IMPLEMENTATIONS = YES;
				CLANG_WARN_DIRECT_OBJC_ISA_USAGE = YES_ERROR;
				CLANG_WARN_DOCUMENTATION_COMMENTS = YES;
				CLANG_WARN_EMPTY_BODY = YES;
				CLANG_WARN_ENUM_CONVERSION = YES;
				CLANG_WARN_INFINITE_RECURSION = YES;
				CLANG_WARN_INT_CONVERSION = YES;
				CLANG_WARN_NON_LITERAL_NULL_CONVERSION = YES;
				CLANG_WARN_OBJC_IMPLICIT_RETAIN_SELF = YES;
				CLANG_WARN_OBJC_LITERAL_CONVERSION = YES;
				CLANG_WARN_OBJC_ROOT_CLASS = YES_ERROR;
				CLANG_WARN_QUOTED_INCLUDE_IN_FRAMEWORK_HEADER = YES;
				CLANG_WARN_RANGE_LOOP_ANALYSIS = YES;
				CLANG_WARN_STRICT_PROTOTYPES = YES;
				CLANG_WARN_SUSPICIOUS_MOVE = YES;
				CLANG_WARN_UNGUARDED_AVAILABILITY = YES_AGGRESSIVE;
				CLANG_WARN_UNREACHABLE_CODE = YES;
				CLANG_WARN__DUPLICATE_METHOD_MATCH = YES;
				COPY_PHASE_STRIP = NO;
				DEBUG_INFORMATION_FORMAT = dwarf;
				ENABLE_STRICT_OBJC_MSGSEND = YES;
				ENABLE_TESTABILITY = YES;
				GCC_C_LANGUAGE_STANDARD = gnu11;
				GCC_DYNAMIC_NO_PIC = NO;
				GCC_NO_COMMON_BLOCKS = YES;
				GCC_OPTIMIZATION_LEVEL = 0;
				GCC_PREPROCESSOR_DEFINITIONS = (
					"DEBUG=1",
					"$(inherited)",
				);
				GCC_WARN_64_TO_32_BIT_CONVERSION = YES;
				GCC_WARN_ABOUT_RETURN_TYPE = YES_ERROR;
				GCC_WARN_UNDECLARED_SELECTOR = YES;
				GCC_WARN_UNINITIALIZED_AUTOS = YES_AGGRESSIVE;
				GCC_WARN_UNUSED_FUNCTION = YES;
				GCC_WARN_UNUSED_VARIABLE = YES;
				IPHONEOS_DEPLOYMENT_TARGET = 16.2;
				MTL_ENABLE_DEBUG_INFO = INCLUDE_SOURCE;
				MTL_FAST_MATH = YES;
				ONLY_ACTIVE_ARCH = YES;
				SDKROOT = iphoneos;
				SWIFT_ACTIVE_COMPILATION_CONDITIONS = DEBUG;
				SWIFT_OPTIMIZATION_LEVEL = "-Onone";
			};
			name = Debug;
		};
		F91B28B529C0C0E3009466E7 /* Release */ = {
			isa = XCBuildConfiguration;
			buildSettings = {
				ALWAYS_SEARCH_USER_PATHS = NO;
				CLANG_ANALYZER_NONNULL = YES;
				CLANG_ANALYZER_NUMBER_OBJECT_CONVERSION = YES_AGGRESSIVE;
				CLANG_CXX_LANGUAGE_STANDARD = "gnu++20";
				CLANG_ENABLE_MODULES = YES;
				CLANG_ENABLE_OBJC_ARC = YES;
				CLANG_ENABLE_OBJC_WEAK = YES;
				CLANG_WARN_BLOCK_CAPTURE_AUTORELEASING = YES;
				CLANG_WARN_BOOL_CONVERSION = YES;
				CLANG_WARN_COMMA = YES;
				CLANG_WARN_CONSTANT_CONVERSION = YES;
				CLANG_WARN_DEPRECATED_OBJC_IMPLEMENTATIONS = YES;
				CLANG_WARN_DIRECT_OBJC_ISA_USAGE = YES_ERROR;
				CLANG_WARN_DOCUMENTATION_COMMENTS = YES;
				CLANG_WARN_EMPTY_BODY = YES;
				CLANG_WARN_ENUM_CONVERSION = YES;
				CLANG_WARN_INFINITE_RECURSION = YES;
				CLANG_WARN_INT_CONVERSION = YES;
				CLANG_WARN_NON_LITERAL_NULL_CONVERSION = YES;
				CLANG_WARN_OBJC_IMPLICIT_RETAIN_SELF = YES;
				CLANG_WARN_OBJC_LITERAL_CONVERSION = YES;
				CLANG_WARN_OBJC_ROOT_CLASS = YES_ERROR;
				CLANG_WARN_QUOTED_INCLUDE_IN_FRAMEWORK_HEADER = YES;
				CLANG_WARN_RANGE_LOOP_ANALYSIS = YES;
				CLANG_WARN_STRICT_PROTOTYPES = YES;
				CLANG_WARN_SUSPICIOUS_MOVE = YES;
				CLANG_WARN_UNGUARDED_AVAILABILITY = YES_AGGRESSIVE;
				CLANG_WARN_UNREACHABLE_CODE = YES;
				CLANG_WARN__DUPLICATE_METHOD_MATCH = YES;
				COPY_PHASE_STRIP = NO;
				DEBUG_INFORMATION_FORMAT = "dwarf-with-dsym";
				ENABLE_NS_ASSERTIONS = NO;
				ENABLE_STRICT_OBJC_MSGSEND = YES;
				GCC_C_LANGUAGE_STANDARD = gnu11;
				GCC_NO_COMMON_BLOCKS = YES;
				GCC_WARN_64_TO_32_BIT_CONVERSION = YES;
				GCC_WARN_ABOUT_RETURN_TYPE = YES_ERROR;
				GCC_WARN_UNDECLARED_SELECTOR = YES;
				GCC_WARN_UNINITIALIZED_AUTOS = YES_AGGRESSIVE;
				GCC_WARN_UNUSED_FUNCTION = YES;
				GCC_WARN_UNUSED_VARIABLE = YES;
				IPHONEOS_DEPLOYMENT_TARGET = 16.2;
				MTL_ENABLE_DEBUG_INFO = NO;
				MTL_FAST_MATH = YES;
				SDKROOT = iphoneos;
				SWIFT_COMPILATION_MODE = wholemodule;
				SWIFT_OPTIMIZATION_LEVEL = "-O";
				VALIDATE_PRODUCT = YES;
			};
			name = Release;
		};
		F91B28B729C0C0E3009466E7 /* Debug */ = {
			isa = XCBuildConfiguration;
			baseConfigurationReference = 7B603B48AD2B58BE365E3803 /* Pods-OpenWeatherApp.debug.xcconfig */;
			buildSettings = {
				ASSETCATALOG_COMPILER_APPICON_NAME = AppIcon;
				ASSETCATALOG_COMPILER_GLOBAL_ACCENT_COLOR_NAME = AccentColor;
				CODE_SIGN_STYLE = Automatic;
				CURRENT_PROJECT_VERSION = 1;
				DEVELOPMENT_TEAM = YKSLKY2D83;
				GENERATE_INFOPLIST_FILE = YES;
				INFOPLIST_FILE = OpenWeatherApp/Info.plist;
				INFOPLIST_KEY_UIApplicationSupportsIndirectInputEvents = YES;
				INFOPLIST_KEY_UILaunchStoryboardName = LaunchScreen;
				INFOPLIST_KEY_UIMainStoryboardFile = Main;
				INFOPLIST_KEY_UISupportedInterfaceOrientations_iPad = "UIInterfaceOrientationPortrait UIInterfaceOrientationPortraitUpsideDown UIInterfaceOrientationLandscapeLeft UIInterfaceOrientationLandscapeRight";
				INFOPLIST_KEY_UISupportedInterfaceOrientations_iPhone = "UIInterfaceOrientationPortrait UIInterfaceOrientationLandscapeLeft UIInterfaceOrientationLandscapeRight";
				LD_RUNPATH_SEARCH_PATHS = (
					"$(inherited)",
					"@executable_path/Frameworks",
				);
				MARKETING_VERSION = 1.0;
				PRODUCT_BUNDLE_IDENTIFIER = com.WeatherApp.OpenWeatherApp;
				PRODUCT_NAME = "$(TARGET_NAME)";
				SWIFT_EMIT_LOC_STRINGS = YES;
				SWIFT_VERSION = 5.0;
				TARGETED_DEVICE_FAMILY = "1,2";
			};
			name = Debug;
		};
		F91B28B829C0C0E3009466E7 /* Release */ = {
			isa = XCBuildConfiguration;
			baseConfigurationReference = F1F467E427347912CB7A537C /* Pods-OpenWeatherApp.release.xcconfig */;
			buildSettings = {
				ASSETCATALOG_COMPILER_APPICON_NAME = AppIcon;
				ASSETCATALOG_COMPILER_GLOBAL_ACCENT_COLOR_NAME = AccentColor;
				CODE_SIGN_STYLE = Automatic;
				CURRENT_PROJECT_VERSION = 1;
				DEVELOPMENT_TEAM = YKSLKY2D83;
				GENERATE_INFOPLIST_FILE = YES;
				INFOPLIST_FILE = OpenWeatherApp/Info.plist;
				INFOPLIST_KEY_UIApplicationSupportsIndirectInputEvents = YES;
				INFOPLIST_KEY_UILaunchStoryboardName = LaunchScreen;
				INFOPLIST_KEY_UIMainStoryboardFile = Main;
				INFOPLIST_KEY_UISupportedInterfaceOrientations_iPad = "UIInterfaceOrientationPortrait UIInterfaceOrientationPortraitUpsideDown UIInterfaceOrientationLandscapeLeft UIInterfaceOrientationLandscapeRight";
				INFOPLIST_KEY_UISupportedInterfaceOrientations_iPhone = "UIInterfaceOrientationPortrait UIInterfaceOrientationLandscapeLeft UIInterfaceOrientationLandscapeRight";
				LD_RUNPATH_SEARCH_PATHS = (
					"$(inherited)",
					"@executable_path/Frameworks",
				);
				MARKETING_VERSION = 1.0;
				PRODUCT_BUNDLE_IDENTIFIER = com.WeatherApp.OpenWeatherApp;
				PRODUCT_NAME = "$(TARGET_NAME)";
				SWIFT_EMIT_LOC_STRINGS = YES;
				SWIFT_VERSION = 5.0;
				TARGETED_DEVICE_FAMILY = "1,2";
			};
			name = Release;
		};
		F91B28BA29C0C0E3009466E7 /* Debug */ = {
			isa = XCBuildConfiguration;
			baseConfigurationReference = 4417F28087ACA4815B4582E3 /* Pods-OpenWeatherAppTests.debug.xcconfig */;
			buildSettings = {
				ALWAYS_EMBED_SWIFT_STANDARD_LIBRARIES = YES;
				BUNDLE_LOADER = "$(TEST_HOST)";
				CODE_SIGN_STYLE = Automatic;
				CURRENT_PROJECT_VERSION = 1;
				DEVELOPMENT_TEAM = YKSLKY2D83;
				GENERATE_INFOPLIST_FILE = YES;
				IPHONEOS_DEPLOYMENT_TARGET = 16.2;
				MARKETING_VERSION = 1.0;
				PRODUCT_BUNDLE_IDENTIFIER = com.WeatherApp.OpenWeatherAppTests;
				PRODUCT_NAME = "$(TARGET_NAME)";
				SWIFT_EMIT_LOC_STRINGS = NO;
				SWIFT_VERSION = 5.0;
				TARGETED_DEVICE_FAMILY = "1,2";
				TEST_HOST = "$(BUILT_PRODUCTS_DIR)/OpenWeatherApp.app/$(BUNDLE_EXECUTABLE_FOLDER_PATH)/OpenWeatherApp";
			};
			name = Debug;
		};
		F91B28BB29C0C0E3009466E7 /* Release */ = {
			isa = XCBuildConfiguration;
			baseConfigurationReference = 1E143F18346638DCBD073036 /* Pods-OpenWeatherAppTests.release.xcconfig */;
			buildSettings = {
				ALWAYS_EMBED_SWIFT_STANDARD_LIBRARIES = YES;
				BUNDLE_LOADER = "$(TEST_HOST)";
				CODE_SIGN_STYLE = Automatic;
				CURRENT_PROJECT_VERSION = 1;
				DEVELOPMENT_TEAM = YKSLKY2D83;
				GENERATE_INFOPLIST_FILE = YES;
				IPHONEOS_DEPLOYMENT_TARGET = 16.2;
				MARKETING_VERSION = 1.0;
				PRODUCT_BUNDLE_IDENTIFIER = com.WeatherApp.OpenWeatherAppTests;
				PRODUCT_NAME = "$(TARGET_NAME)";
				SWIFT_EMIT_LOC_STRINGS = NO;
				SWIFT_VERSION = 5.0;
				TARGETED_DEVICE_FAMILY = "1,2";
				TEST_HOST = "$(BUILT_PRODUCTS_DIR)/OpenWeatherApp.app/$(BUNDLE_EXECUTABLE_FOLDER_PATH)/OpenWeatherApp";
			};
			name = Release;
		};
		F91B28BD29C0C0E3009466E7 /* Debug */ = {
			isa = XCBuildConfiguration;
			baseConfigurationReference = CE4A0971F0FC1585D3994A19 /* Pods-OpenWeatherApp-OpenWeatherAppUITests.debug.xcconfig */;
			buildSettings = {
				ALWAYS_EMBED_SWIFT_STANDARD_LIBRARIES = YES;
				CODE_SIGN_STYLE = Automatic;
				CURRENT_PROJECT_VERSION = 1;
				DEVELOPMENT_TEAM = YKSLKY2D83;
				GENERATE_INFOPLIST_FILE = YES;
				MARKETING_VERSION = 1.0;
				PRODUCT_BUNDLE_IDENTIFIER = com.WeatherApp.OpenWeatherAppUITests;
				PRODUCT_NAME = "$(TARGET_NAME)";
				SWIFT_EMIT_LOC_STRINGS = NO;
				SWIFT_VERSION = 5.0;
				TARGETED_DEVICE_FAMILY = "1,2";
				TEST_TARGET_NAME = OpenWeatherApp;
			};
			name = Debug;
		};
		F91B28BE29C0C0E3009466E7 /* Release */ = {
			isa = XCBuildConfiguration;
			baseConfigurationReference = 70A5E58CA8ED2C66C486983F /* Pods-OpenWeatherApp-OpenWeatherAppUITests.release.xcconfig */;
			buildSettings = {
				ALWAYS_EMBED_SWIFT_STANDARD_LIBRARIES = YES;
				CODE_SIGN_STYLE = Automatic;
				CURRENT_PROJECT_VERSION = 1;
				DEVELOPMENT_TEAM = YKSLKY2D83;
				GENERATE_INFOPLIST_FILE = YES;
				MARKETING_VERSION = 1.0;
				PRODUCT_BUNDLE_IDENTIFIER = com.WeatherApp.OpenWeatherAppUITests;
				PRODUCT_NAME = "$(TARGET_NAME)";
				SWIFT_EMIT_LOC_STRINGS = NO;
				SWIFT_VERSION = 5.0;
				TARGETED_DEVICE_FAMILY = "1,2";
				TEST_TARGET_NAME = OpenWeatherApp;
			};
			name = Release;
		};
/* End XCBuildConfiguration section */

/* Begin XCConfigurationList section */
		F91B288429C0C0E1009466E7 /* Build configuration list for PBXProject "OpenWeatherApp" */ = {
			isa = XCConfigurationList;
			buildConfigurations = (
				F91B28B429C0C0E3009466E7 /* Debug */,
				F91B28B529C0C0E3009466E7 /* Release */,
			);
			defaultConfigurationIsVisible = 0;
			defaultConfigurationName = Release;
		};
		F91B28B629C0C0E3009466E7 /* Build configuration list for PBXNativeTarget "OpenWeatherApp" */ = {
			isa = XCConfigurationList;
			buildConfigurations = (
				F91B28B729C0C0E3009466E7 /* Debug */,
				F91B28B829C0C0E3009466E7 /* Release */,
			);
			defaultConfigurationIsVisible = 0;
			defaultConfigurationName = Release;
		};
		F91B28B929C0C0E3009466E7 /* Build configuration list for PBXNativeTarget "OpenWeatherAppTests" */ = {
			isa = XCConfigurationList;
			buildConfigurations = (
				F91B28BA29C0C0E3009466E7 /* Debug */,
				F91B28BB29C0C0E3009466E7 /* Release */,
			);
			defaultConfigurationIsVisible = 0;
			defaultConfigurationName = Release;
		};
		F91B28BC29C0C0E3009466E7 /* Build configuration list for PBXNativeTarget "OpenWeatherAppUITests" */ = {
			isa = XCConfigurationList;
			buildConfigurations = (
				F91B28BD29C0C0E3009466E7 /* Debug */,
				F91B28BE29C0C0E3009466E7 /* Release */,
			);
			defaultConfigurationIsVisible = 0;
			defaultConfigurationName = Release;
		};
/* End XCConfigurationList section */

/* Begin XCVersionGroup section */
		F91B289529C0C0E2009466E7 /* OpenWeatherApp.xcdatamodeld */ = {
			isa = XCVersionGroup;
			children = (
				F91B289629C0C0E2009466E7 /* OpenWeatherApp.xcdatamodel */,
			);
			currentVersion = F91B289629C0C0E2009466E7 /* OpenWeatherApp.xcdatamodel */;
			path = OpenWeatherApp.xcdatamodeld;
			sourceTree = "<group>";
			versionGroupType = wrapper.xcdatamodel;
		};
/* End XCVersionGroup section */
	};
	rootObject = F91B288129C0C0E1009466E7 /* Project object */;
}
